
Microsoft Visual Studio Solution File, Format Version 12.00
# Visual Studio 15
VisualStudioVersion = 15.0.26020.0
MinimumVisualStudioVersion = 10.0.40219.1
Project("{FAE04EC0-301F-11D3-BF4B-00C04F79EFBC}") = "GoldenApp", "GoldenApp\GoldenApp.csproj", "{89848F66-953E-4222-80CC-62E4B45C930A}"
EndProject
Project("{2150E333-8FDC-42A3-9474-1A3956D46DE8}") = "Solution Items", "Solution Items", "{B3B475C3-7A8A-4365-9C0F-3DE44999EB02}"
	ProjectSection(SolutionItems) = preProject
		readme.md = readme.md
	EndProjectSection
EndProject
Project("{FAE04EC0-301F-11D3-BF4B-00C04F79EFBC}") = "GoldenAppMain", "GoldenAppMain\GoldenAppMain.csproj", "{73394361-D63B-4AC4-BE74-3F5C54DCA92E}"
EndProject
Global
	GlobalSection(SolutionConfigurationPlatforms) = preSolution
		Debug|Any CPU = Debug|Any CPU
		Release|Any CPU = Release|Any CPU
	EndGlobalSection
	GlobalSection(ProjectConfigurationPlatforms) = postSolution
		{89848F66-953E-4222-80CC-62E4B45C930A}.Debug|Any CPU.ActiveCfg = Debug|Any CPU
		{89848F66-953E-4222-80CC-62E4B45C930A}.Debug|Any CPU.Build.0 = Debug|Any CPU
		{89848F66-953E-4222-80CC-62E4B45C930A}.Release|Any CPU.ActiveCfg = Release|Any CPU
		{89848F66-953E-4222-80CC-62E4B45C930A}.Release|Any CPU.Build.0 = Release|Any CPU
		{73394361-D63B-4AC4-BE74-3F5C54DCA92E}.Debug|Any CPU.ActiveCfg = Debug|Any CPU
		{73394361-D63B-4AC4-BE74-3F5C54DCA92E}.Debug|Any CPU.Build.0 = Debug|Any CPU
		{73394361-D63B-4AC4-BE74-3F5C54DCA92E}.Release|Any CPU.ActiveCfg = Release|Any CPU
		{73394361-D63B-4AC4-BE74-3F5C54DCA92E}.Release|Any CPU.Build.0 = Release|Any CPU
	EndGlobalSection
	GlobalSection(SolutionProperties) = preSolution
		HideSolutionNode = FALSE
	EndGlobalSection
EndGlobal
